// !$*UTF8*$!
{
	archiveVersion = 1;
	classes = {
	};
	objectVersion = 46;
	objects = {

/* Begin PBXBuildFile section */
		237C76BCB18AF25648A1E8E4 /* Pods.framework in Frameworks */ = {isa = PBXBuildFile; fileRef = FCE3B40789CFBDE4FF16E074 /* Pods.framework */; };
		FC00D18B1CA385BD009437E6 /* AppDelegate.swift in Sources */ = {isa = PBXBuildFile; fileRef = FC00D18A1CA385BD009437E6 /* AppDelegate.swift */; };
		FC00D1941CA385BD009437E6 /* Assets.xcassets in Resources */ = {isa = PBXBuildFile; fileRef = FC00D1931CA385BD009437E6 /* Assets.xcassets */; };
		FC00D1A51CA38C69009437E6 /* CollectionStackViewController.swift in Sources */ = {isa = PBXBuildFile; fileRef = FC00D1A11CA38C69009437E6 /* CollectionStackViewController.swift */; };
		FC00D1A61CA38C69009437E6 /* CollectionViewStackCell.swift in Sources */ = {isa = PBXBuildFile; fileRef = FC00D1A21CA38C69009437E6 /* CollectionViewStackCell.swift */; };
		FC00D1A71CA38C69009437E6 /* CollectionViewStackFlowLayout.swift in Sources */ = {isa = PBXBuildFile; fileRef = FC00D1A31CA38C69009437E6 /* CollectionViewStackFlowLayout.swift */; };
		FC00D1A81CA38C69009437E6 /* NavigationStack.swift in Sources */ = {isa = PBXBuildFile; fileRef = FC00D1A41CA38C69009437E6 /* NavigationStack.swift */; };
/* End PBXBuildFile section */

/* Begin PBXFileReference section */
		0B76E436CDE414B6273AFEB7 /* Pods.release.xcconfig */ = {isa = PBXFileReference; includeInIndex = 1; lastKnownFileType = text.xcconfig; name = Pods.release.xcconfig; path = "Pods/Target Support Files/Pods/Pods.release.xcconfig"; sourceTree = "<group>"; };
		81DF9EADB450A77A7BB8E139 /* Pods.debug.xcconfig */ = {isa = PBXFileReference; includeInIndex = 1; lastKnownFileType = text.xcconfig; name = Pods.debug.xcconfig; path = "Pods/Target Support Files/Pods/Pods.debug.xcconfig"; sourceTree = "<group>"; };
		FC00D1871CA385BD009437E6 /* GitHouse.app */ = {isa = PBXFileReference; explicitFileType = wrapper.application; includeInIndex = 0; path = GitHouse.app; sourceTree = BUILT_PRODUCTS_DIR; };
		FC00D18A1CA385BD009437E6 /* AppDelegate.swift */ = {isa = PBXFileReference; lastKnownFileType = sourcecode.swift; path = AppDelegate.swift; sourceTree = "<group>"; };
		FC00D1931CA385BD009437E6 /* Assets.xcassets */ = {isa = PBXFileReference; lastKnownFileType = folder.assetcatalog; name = Assets.xcassets; path = GitHouse/Assets.xcassets; sourceTree = "<group>"; };
		FC00D1981CA385BD009437E6 /* Info.plist */ = {isa = PBXFileReference; lastKnownFileType = text.plist.xml; name = Info.plist; path = GitHouse/Info.plist; sourceTree = "<group>"; };
		FC00D1A11CA38C69009437E6 /* CollectionStackViewController.swift */ = {isa = PBXFileReference; fileEncoding = 4; lastKnownFileType = sourcecode.swift; path = CollectionStackViewController.swift; sourceTree = "<group>"; };
		FC00D1A21CA38C69009437E6 /* CollectionViewStackCell.swift */ = {isa = PBXFileReference; fileEncoding = 4; lastKnownFileType = sourcecode.swift; path = CollectionViewStackCell.swift; sourceTree = "<group>"; };
		FC00D1A31CA38C69009437E6 /* CollectionViewStackFlowLayout.swift */ = {isa = PBXFileReference; fileEncoding = 4; lastKnownFileType = sourcecode.swift; path = CollectionViewStackFlowLayout.swift; sourceTree = "<group>"; };
		FC00D1A41CA38C69009437E6 /* NavigationStack.swift */ = {isa = PBXFileReference; fileEncoding = 4; lastKnownFileType = sourcecode.swift; path = NavigationStack.swift; sourceTree = "<group>"; };
		FCE3B40789CFBDE4FF16E074 /* Pods.framework */ = {isa = PBXFileReference; explicitFileType = wrapper.framework; includeInIndex = 0; path = Pods.framework; sourceTree = BUILT_PRODUCTS_DIR; };
/* End PBXFileReference section */

/* Begin PBXFrameworksBuildPhase section */
		FC00D1841CA385BD009437E6 /* Frameworks */ = {
			isa = PBXFrameworksBuildPhase;
			buildActionMask = 2147483647;
			files = (
				237C76BCB18AF25648A1E8E4 /* Pods.framework in Frameworks */,
			);
			runOnlyForDeploymentPostprocessing = 0;
		};
/* End PBXFrameworksBuildPhase section */

/* Begin PBXGroup section */
		A46EA348A1E6F83827F87A89 /* Frameworks */ = {
			isa = PBXGroup;
			children = (
				FCE3B40789CFBDE4FF16E074 /* Pods.framework */,
			);
			name = Frameworks;
			sourceTree = "<group>";
		};
		AFCB67AED1C78558A6018646 /* Pods */ = {
			isa = PBXGroup;
			children = (
				81DF9EADB450A77A7BB8E139 /* Pods.debug.xcconfig */,
				0B76E436CDE414B6273AFEB7 /* Pods.release.xcconfig */,
			);
			name = Pods;
			sourceTree = "<group>";
		};
		FC00D17E1CA385BC009437E6 = {
			isa = PBXGroup;
			children = (
				FC00D1891CA385BD009437E6 /* GitHouse */,
				FC00D19E1CA38B9B009437E6 /* Resources */,
				FC00D1881CA385BD009437E6 /* Products */,
				AFCB67AED1C78558A6018646 /* Pods */,
				A46EA348A1E6F83827F87A89 /* Frameworks */,
			);
			sourceTree = "<group>";
		};
		FC00D1881CA385BD009437E6 /* Products */ = {
			isa = PBXGroup;
			children = (
				FC00D1871CA385BD009437E6 /* GitHouse.app */,
			);
			name = Products;
			sourceTree = "<group>";
		};
		FC00D1891CA385BD009437E6 /* GitHouse */ = {
			isa = PBXGroup;
			children = (
				FC00D19F1CA38C69009437E6 /* 3rd */,
				FC00D18A1CA385BD009437E6 /* AppDelegate.swift */,
			);
			path = GitHouse;
			sourceTree = "<group>";
		};
		FC00D19E1CA38B9B009437E6 /* Resources */ = {
			isa = PBXGroup;
			children = (
				FC00D1931CA385BD009437E6 /* Assets.xcassets */,
				FC00D1981CA385BD009437E6 /* Info.plist */,
			);
			name = Resources;
			sourceTree = "<group>";
		};
		FC00D19F1CA38C69009437E6 /* 3rd */ = {
			isa = PBXGroup;
			children = (
				FC00D1A01CA38C69009437E6 /* NavigationStack */,
			);
			path = 3rd;
			sourceTree = SOURCE_ROOT;
		};
		FC00D1A01CA38C69009437E6 /* NavigationStack */ = {
			isa = PBXGroup;
			children = (
				FC00D1A11CA38C69009437E6 /* CollectionStackViewController.swift */,
				FC00D1A21CA38C69009437E6 /* CollectionViewStackCell.swift */,
				FC00D1A31CA38C69009437E6 /* CollectionViewStackFlowLayout.swift */,
				FC00D1A41CA38C69009437E6 /* NavigationStack.swift */,
			);
			path = NavigationStack;
			sourceTree = "<group>";
		};
/* End PBXGroup section */

/* Begin PBXNativeTarget section */
		FC00D1861CA385BD009437E6 /* GitHouse */ = {
			isa = PBXNativeTarget;
			buildConfigurationList = FC00D19B1CA385BD009437E6 /* Build configuration list for PBXNativeTarget "GitHouse" */;
			buildPhases = (
				EAC430E232B923C01A4AD05F /* Check Pods Manifest.lock */,
				FC00D1831CA385BD009437E6 /* Sources */,
				FC00D1841CA385BD009437E6 /* Frameworks */,
				FC00D1851CA385BD009437E6 /* Resources */,
				74BADA7A985A1333D7D54746 /* Embed Pods Frameworks */,
				0A79096AF12465257EB9EA7A /* Copy Pods Resources */,
			);
			buildRules = (
			);
			dependencies = (
			);
			name = GitHouse;
			productName = GitHouse;
			productReference = FC00D1871CA385BD009437E6 /* GitHouse.app */;
			productType = "com.apple.product-type.application";
		};
/* End PBXNativeTarget section */

/* Begin PBXProject section */
		FC00D17F1CA385BC009437E6 /* Project object */ = {
			isa = PBXProject;
			attributes = {
				LastSwiftUpdateCheck = 0730;
				LastUpgradeCheck = 0730;
				ORGANIZATIONNAME = "郑少博";
				TargetAttributes = {
					FC00D1861CA385BD009437E6 = {
						CreatedOnToolsVersion = 7.3;
					};
				};
			};
			buildConfigurationList = FC00D1821CA385BC009437E6 /* Build configuration list for PBXProject "GitHouse" */;
			compatibilityVersion = "Xcode 3.2";
			developmentRegion = English;
			hasScannedForEncodings = 0;
			knownRegions = (
				en,
				Base,
			);
			mainGroup = FC00D17E1CA385BC009437E6;
			productRefGroup = FC00D1881CA385BD009437E6 /* Products */;
			projectDirPath = "";
			projectRoot = "";
			targets = (
				FC00D1861CA385BD009437E6 /* GitHouse */,
			);
		};
/* End PBXProject section */

/* Begin PBXResourcesBuildPhase section */
		FC00D1851CA385BD009437E6 /* Resources */ = {
			isa = PBXResourcesBuildPhase;
			buildActionMask = 2147483647;
			files = (
				FC00D1941CA385BD009437E6 /* Assets.xcassets in Resources */,
			);
			runOnlyForDeploymentPostprocessing = 0;
		};
/* End PBXResourcesBuildPhase section */

/* Begin PBXShellScriptBuildPhase section */
		0A79096AF12465257EB9EA7A /* Copy Pods Resources */ = {
			isa = PBXShellScriptBuildPhase;
			buildActionMask = 2147483647;
			files = (
			);
			inputPaths = (
			);
			name = "Copy Pods Resources";
			outputPaths = (
			);
			runOnlyForDeploymentPostprocessing = 0;
			shellPath = /bin/sh;
			shellScript = "\"${SRCROOT}/Pods/Target Support Files/Pods/Pods-resources.sh\"\n";
			showEnvVarsInLog = 0;
		};
		74BADA7A985A1333D7D54746 /* Embed Pods Frameworks */ = {
			isa = PBXShellScriptBuildPhase;
			buildActionMask = 2147483647;
			files = (
			);
			inputPaths = (
			);
			name = "Embed Pods Frameworks";
			outputPaths = (
			);
			runOnlyForDeploymentPostprocessing = 0;
			shellPath = /bin/sh;
			shellScript = "\"${SRCROOT}/Pods/Target Support Files/Pods/Pods-frameworks.sh\"\n";
			showEnvVarsInLog = 0;
		};
		EAC430E232B923C01A4AD05F /* Check Pods Manifest.lock */ = {
			isa = PBXShellScriptBuildPhase;
			buildActionMask = 2147483647;
			files = (
			);
			inputPaths = (
			);
			name = "Check Pods Manifest.lock";
			outputPaths = (
			);
			runOnlyForDeploymentPostprocessing = 0;
			shellPath = /bin/sh;
			shellScript = "diff \"${PODS_ROOT}/../Podfile.lock\" \"${PODS_ROOT}/Manifest.lock\" > /dev/null\nif [[ $? != 0 ]] ; then\n    cat << EOM\nerror: The sandbox is not in sync with the Podfile.lock. Run 'pod install' or update your CocoaPods installation.\nEOM\n    exit 1\nfi\n";
			showEnvVarsInLog = 0;
		};
/* End PBXShellScriptBuildPhase section */

/* Begin PBXSourcesBuildPhase section */
		FC00D1831CA385BD009437E6 /* Sources */ = {
			isa = PBXSourcesBuildPhase;
			buildActionMask = 2147483647;
			files = (
				FC00D1A81CA38C69009437E6 /* NavigationStack.swift in Sources */,
				FC00D1A71CA38C69009437E6 /* CollectionViewStackFlowLayout.swift in Sources */,
				FC00D18B1CA385BD009437E6 /* AppDelegate.swift in Sources */,
				FC00D1A51CA38C69009437E6 /* CollectionStackViewController.swift in Sources */,
				FC00D1A61CA38C69009437E6 /* CollectionViewStackCell.swift in Sources */,
			);
			runOnlyForDeploymentPostprocessing = 0;
		};
/* End PBXSourcesBuildPhase section */

/* Begin XCBuildConfiguration section */
		FC00D1991CA385BD009437E6 /* Debug */ = {
			isa = XCBuildConfiguration;
			buildSettings = {
				ALWAYS_SEARCH_USER_PATHS = NO;
				CLANG_ANALYZER_NONNULL = YES;
				CLANG_CXX_LANGUAGE_STANDARD = "gnu++0x";
				CLANG_CXX_LIBRARY = "libc++";
				CLANG_ENABLE_MODULES = YES;
				CLANG_ENABLE_OBJC_ARC = YES;
				CLANG_WARN_BOOL_CONVERSION = YES;
				CLANG_WARN_CONSTANT_CONVERSION = YES;
				CLANG_WARN_DIRECT_OBJC_ISA_USAGE = YES_ERROR;
				CLANG_WARN_EMPTY_BODY = YES;
				CLANG_WARN_ENUM_CONVERSION = YES;
				CLANG_WARN_INT_CONVERSION = YES;
				CLANG_WARN_OBJC_ROOT_CLASS = YES_ERROR;
				CLANG_WARN_UNREACHABLE_CODE = YES;
				CLANG_WARN__DUPLICATE_METHOD_MATCH = YES;
				"CODE_SIGN_IDENTITY[sdk=iphoneos*]" = "iPhone Developer";
				COPY_PHASE_STRIP = NO;
				DEBUG_INFORMATION_FORMAT = dwarf;
				ENABLE_STRICT_OBJC_MSGSEND = YES;
				ENABLE_TESTABILITY = YES;
				GCC_C_LANGUAGE_STANDARD = gnu99;
				GCC_DYNAMIC_NO_PIC = NO;
				GCC_NO_COMMON_BLOCKS = YES;
				GCC_OPTIMIZATION_LEVEL = 0;
				GCC_PREPROCESSOR_DEFINITIONS = (
					"DEBUG=1",
					"$(inherited)",
				);
				GCC_WARN_64_TO_32_BIT_CONVERSION = YES;
				GCC_WARN_ABOUT_RETURN_TYPE = YES_ERROR;
				GCC_WARN_UNDECLARED_SELECTOR = YES;
				GCC_WARN_UNINITIALIZED_AUTOS = YES_AGGRESSIVE;
				GCC_WARN_UNUSED_FUNCTION = YES;
				GCC_WARN_UNUSED_VARIABLE = YES;
				IPHONEOS_DEPLOYMENT_TARGET = 9.3;
				MTL_ENABLE_DEBUG_INFO = YES;
				ONLY_ACTIVE_ARCH = YES;
				SDKROOT = iphoneos;
				SWIFT_OPTIMIZATION_LEVEL = "-Onone";
				TARGETED_DEVICE_FAMILY = "1,2";
			};
			name = Debug;
		};
		FC00D19A1CA385BD009437E6 /* Release */ = {
			isa = XCBuildConfiguration;
			buildSettings = {
				ALWAYS_SEARCH_USER_PATHS = NO;
				CLANG_ANALYZER_NONNULL = YES;
				CLANG_CXX_LANGUAGE_STANDARD = "gnu++0x";
				CLANG_CXX_LIBRARY = "libc++";
				CLANG_ENABLE_MODULES = YES;
				CLANG_ENABLE_OBJC_ARC = YES;
				CLANG_WARN_BOOL_CONVERSION = YES;
				CLANG_WARN_CONSTANT_CONVERSION = YES;
				CLANG_WARN_DIRECT_OBJC_ISA_USAGE = YES_ERROR;
				CLANG_WARN_EMPTY_BODY = YES;
				CLANG_WARN_ENUM_CONVERSION = YES;
				CLANG_WARN_INT_CONVERSION = YES;
				CLANG_WARN_OBJC_ROOT_CLASS = YES_ERROR;
				CLANG_WARN_UNREACHABLE_CODE = YES;
				CLANG_WARN__DUPLICATE_METHOD_MATCH = YES;
				"CODE_SIGN_IDENTITY[sdk=iphoneos*]" = "iPhone Developer";
				COPY_PHASE_STRIP = NO;
				DEBUG_INFORMATION_FORMAT = "dwarf-with-dsym";
				ENABLE_NS_ASSERTIONS = NO;
				ENABLE_STRICT_OBJC_MSGSEND = YES;
				GCC_C_LANGUAGE_STANDARD = gnu99;
				GCC_NO_COMMON_BLOCKS = YES;
				GCC_WARN_64_TO_32_BIT_CONVERSION = YES;
				GCC_WARN_ABOUT_RETURN_TYPE = YES_ERROR;
				GCC_WARN_UNDECLARED_SELECTOR = YES;
				GCC_WARN_UNINITIALIZED_AUTOS = YES_AGGRESSIVE;
				GCC_WARN_UNUSED_FUNCTION = YES;
				GCC_WARN_UNUSED_VARIABLE = YES;
				IPHONEOS_DEPLOYMENT_TARGET = 9.3;
				MTL_ENABLE_DEBUG_INFO = NO;
				SDKROOT = iphoneos;
				TARGETED_DEVICE_FAMILY = "1,2";
				VALIDATE_PRODUCT = YES;
			};
			name = Release;
		};
		FC00D19C1CA385BD009437E6 /* Debug */ = {
			isa = XCBuildConfiguration;
			baseConfigurationReference = 81DF9EADB450A77A7BB8E139 /* Pods.debug.xcconfig */;
			buildSettings = {
				ASSETCATALOG_COMPILER_APPICON_NAME = AppIcon;
				ASSETCATALOG_COMPILER_LAUNCHIMAGE_NAME = LaunchImage;
				INFOPLIST_FILE = GitHouse/Info.plist;
				IPHONEOS_DEPLOYMENT_TARGET = 8.0;
				LD_RUNPATH_SEARCH_PATHS = "$(inherited) @executable_path/Frameworks";
				PRODUCT_BUNDLE_IDENTIFIER = io.github.serazheng.GitHouse;
				PRODUCT_NAME = "$(TARGET_NAME)";
				TARGETED_DEVICE_FAMILY = 1;
			};
			name = Debug;
		};
		FC00D19D1CA385BD009437E6 /* Release */ = {
			isa = XCBuildConfiguration;
			baseConfigurationReference = 0B76E436CDE414B6273AFEB7 /* Pods.release.xcconfig */;
			buildSettings = {
				ASSETCATALOG_COMPILER_APPICON_NAME = AppIcon;
				ASSETCATALOG_COMPILER_LAUNCHIMAGE_NAME = LaunchImage;
				INFOPLIST_FILE = GitHouse/Info.plist;
				IPHONEOS_DEPLOYMENT_TARGET = 8.0;
				LD_RUNPATH_SEARCH_PATHS = "$(inherited) @executable_path/Frameworks";
				PRODUCT_BUNDLE_IDENTIFIER = io.github.serazheng.GitHouse;
				PRODUCT_NAME = "$(TARGET_NAME)";
				TARGETED_DEVICE_FAMILY = 1;
			};
			name = Release;
		};
/* End XCBuildConfiguration section */

/* Begin XCConfigurationList section */
		FC00D1821CA385BC009437E6 /* Build configuration list for PBXProject "GitHouse" */ = {
			isa = XCConfigurationList;
			buildConfigurations = (
				FC00D1991CA385BD009437E6 /* Debug */,
				FC00D19A1CA385BD009437E6 /* Release */,
			);
			defaultConfigurationIsVisible = 0;
			defaultConfigurationName = Release;
		};
		FC00D19B1CA385BD009437E6 /* Build configuration list for PBXNativeTarget "GitHouse" */ = {
			isa = XCConfigurationList;
			buildConfigurations = (
				FC00D19C1CA385BD009437E6 /* Debug */,
				FC00D19D1CA385BD009437E6 /* Release */,
			);
			defaultConfigurationIsVisible = 0;
			defaultConfigurationName = Release;
		};
/* End XCConfigurationList section */
	};
	rootObject = FC00D17F1CA385BC009437E6 /* Project object */;
}
