PODS:
  - Alamofire (3.2.1)
  - AlamofireImage (2.3.1):
    - Alamofire (~> 3.2)
  - ChameleonFramework/Default (2.1.0)
  - ChameleonFramework/Swift (2.1.0):
    - ChameleonFramework/Default
  - DGElasticPullToRefresh (1.0.3)
  - KeychainAccess (2.3.3)
  - Localize-Swift (1.1)
  - Moya (6.2.0):
    - Moya/Core (= 6.2.0)
  - Moya/Core (6.2.0):
    - Alamofire (~> 3.0)
    - Result (~> 1.0)
  - NBNRequestKit (0.3.0)
  - OctoKit.swift (0.6.0):
    - NBNRequestKit (~> 0.3.0)
  - Result (1.0.2)
  - SnapKit (0.19.1)
  - Spring (1.0.3)
  - TextFieldEffects (1.1.1)

DEPENDENCIES:
  - AlamofireImage
  - ChameleonFramework/Swift
  - DGElasticPullToRefresh
  - KeychainAccess
  - Localize-Swift
  - Moya
  - NBNRequestKit (from `https://github.com/nerdishbynature/RequestKit.git`, branch `support-custom-session`)
  - OctoKit.swift (from `https://github.com/nerdishbynature/octokit.swift.git`, branch `support-custom-session`)
  - SnapKit
  - Spring (from `https://github.com/MengTo/Spring.git`, branch `swift2`)
  - TextFieldEffects

EXTERNAL SOURCES:
  NBNRequestKit:
    :branch: support-custom-session
    :git: https://github.com/nerdishbynature/RequestKit.git
  OctoKit.swift:
    :branch: support-custom-session
    :git: https://github.com/nerdishbynature/octokit.swift.git
  Spring:
    :branch: swift2
    :git: https://github.com/MengTo/Spring.git

CHECKOUT OPTIONS:
  NBNRequestKit:
    :commit: 1e7899a9d01d96b80a7431565b314f5fcd5088a9
    :git: https://github.com/nerdishbynature/RequestKit.git
  OctoKit.swift:
    :commit: 342429b122bb6ae92e72f4a0d6eb28df7a90b1d0
    :git: https://github.com/nerdishbynature/octokit.swift.git
  Spring:
    :commit: 18d5c7b74489de8044e34767f856d1e574f0820e
    :git: https://github.com/MengTo/Spring.git

SPEC CHECKSUMS:
  Alamofire: f11d8624a05f5d39e0c99309b3e600a3ba64298a
  AlamofireImage: e52336282757bbe1644f075d6cb85f19c891f939
  ChameleonFramework: d21a3cc247abfe5e37609a283a8238b03575cf64
  DGElasticPullToRefresh: 040f39ae69840b3261d163fe6735c5901bf851e9
  KeychainAccess: 9b7e49e48277e329b1b3195e54697ed313d30acf
  Localize-Swift: 72fab22c9c271a1041082fa3b53ca64e527ccf4a
  Moya: a5e57a405584177027daab240f4d47baa0722562
  NBNRequestKit: 02c901b2b317c822fff4ae58dd1705f56532aee0
  OctoKit.swift: 8e572ee8d7a94af4e265ff8a84c63be680a0f6f1
  Result: dd3dd71af3fa2e262f1a999e14fba2c25ec14f16
  SnapKit: eff58d6e3451bf2f482db2eccf86aecf371dc62d
  Spring: 3f02b5dc3308572ef177b3cad0fa7bbc4b0706f7
  TextFieldEffects: a1a78efeb93b65c611ad287b28a068c9a4a5f5b4

PODFILE CHECKSUM: e9c6178bcff0d7d4e7521e7d20e0107265637080

COCOAPODS: 1.0.0.beta.6
